{
    "_meta": {
        "hash": {
            "sha256": "fcace63b478b0d479fb5d12d1794d402fe406f1fb7df7037e1fb99b4d1e1853a"
        },
        "pipfile-spec": 6,
        "requires": {
            "python_full_version": "2.7.14"
        },
        "sources": [
            {
                "name": "pypi",
                "url": "https://pypi.org/simple",
                "verify_ssl": true
            }
        ]
    },
    "default": {},
    "develop": {}
}
